{
  "name": "base",
  "version": "1.0.0",
  "lockfileVersion": 3,
  "requires": true,
  "packages": {
    "": {
      "name": "base",
      "version": "1.0.0",
      "license": "ISC",
      "dependencies": {
        "@types/dom-to-image": "^2.6.7",
        "@types/file-saver": "^2.0.7"
      }
    },
    "node_modules/@types/dom-to-image": {
      "version": "2.6.7",
      "resolved": "https://registry.npmjs.org/@types/dom-to-image/-/dom-to-image-2.6.7.tgz",
      "integrity": "sha512-me5VbCv+fcXozblWwG13krNBvuEOm6kA5xoa4RrjDJCNFOZSWR3/QLtOXimBHk1Fisq69Gx3JtOoXtg1N1tijg=="
    },
    "node_modules/@types/file-saver": {
      "version": "2.0.7",
      "resolved": "https://registry.npmjs.org/@types/file-saver/-/file-saver-2.0.7.tgz",
      "integrity": "sha512-dNKVfHd/jk0SkR/exKGj2ggkB45MAkzvWCaqLUUgkyjITkGNzH8H+yUwr+BLJUBjZOe9w8X3wgmXhZDRg1ED6A=="
    }
  }
}
